// !$*UTF8*$!
{
	archiveVersion = 1;
	classes = {
	};
	objectVersion = 46;
	objects = {

/* Begin PBXAggregateTarget section */
		4044D25D165AD23C002CAA75 /* FactoryBase-iOS */ = {
			isa = PBXAggregateTarget;
			buildConfigurationList = 4044D25E165AD23C002CAA75 /* Build configuration list for PBXAggregateTarget "FactoryBase-iOS" */;
			buildPhases = (
				4044D261165AD25B002CAA75 /* Build Library */,
				40BE2DAD165AD6DA00F3BAC2 /* Assemble Framework */,
				40BE2DAE165AD70600F3BAC2 /* CopyFiles */,
			);
			dependencies = (
			);
			name = "FactoryBase-iOS";
			productName = "FactoryBase-iOS";
		};
/* End PBXAggregateTarget section */

/* Begin PBXBuildFile section */
		4044D23D165AD010002CAA75 /* SenTestingKit.framework in Frameworks */ = {isa = PBXBuildFile; fileRef = 4044D1B1165AAC18002CAA75 /* SenTestingKit.framework */; };
		4044D23F165AD010002CAA75 /* Foundation.framework in Frameworks */ = {isa = PBXBuildFile; fileRef = 4044D1E9165AB71E002CAA75 /* Foundation.framework */; };
		40BE2DAC165AD3A300F3BAC2 /* NSDictionary+Merge.m in Sources */ = {isa = PBXBuildFile; fileRef = 4044D1CA165AAC73002CAA75 /* NSDictionary+Merge.m */; };
		40BE2DAF165AD72600F3BAC2 /* NSDictionary+Merge.h in CopyFiles */ = {isa = PBXBuildFile; fileRef = 4044D1C9165AAC73002CAA75 /* NSDictionary+Merge.h */; };
		40BE2DB0165AD72600F3BAC2 /* FactoryBase.h in CopyFiles */ = {isa = PBXBuildFile; fileRef = 4044D1A8165AAC18002CAA75 /* FactoryBase.h */; };
		40BE2DB2165ADADA00F3BAC2 /* libFactoryBase.a in Frameworks */ = {isa = PBXBuildFile; fileRef = 4044D22E165AD010002CAA75 /* libFactoryBase.a */; };
		40BE2DB6165ADCEC00F3BAC2 /* Foundation.framework in Frameworks */ = {isa = PBXBuildFile; fileRef = 4044D1E9165AB71E002CAA75 /* Foundation.framework */; };
		40BE2DB7165ADD0500F3BAC2 /* CoreData.framework in Frameworks */ = {isa = PBXBuildFile; fileRef = 4044D19F165AAC18002CAA75 /* CoreData.framework */; };
		40BE2DB9165ADD4B00F3BAC2 /* UIKit.framework in Frameworks */ = {isa = PBXBuildFile; fileRef = 40BE2DB8165ADD4B00F3BAC2 /* UIKit.framework */; };
/* End PBXBuildFile section */

/* Begin PBXContainerItemProxy section */
		4044D240165AD010002CAA75 /* PBXContainerItemProxy */ = {
			isa = PBXContainerItemProxy;
			containerPortal = 4044D18E165AAC18002CAA75 /* Project object */;
			proxyType = 1;
			remoteGlobalIDString = 4044D22D165AD010002CAA75;
			remoteInfo = FactoryBase;
		};
/* End PBXContainerItemProxy section */

/* Begin PBXCopyFilesBuildPhase section */
		40BE2DAE165AD70600F3BAC2 /* CopyFiles */ = {
			isa = PBXCopyFilesBuildPhase;
			buildActionMask = 2147483647;
			dstPath = "${BUILD_DIR}/${CONFIGURATION}-iphoneuniversal/${PRODUCT_NAME}.framework/Versions/A/Headers/";
			dstSubfolderSpec = 0;
			files = (
				40BE2DAF165AD72600F3BAC2 /* NSDictionary+Merge.h in CopyFiles */,
				40BE2DB0165AD72600F3BAC2 /* FactoryBase.h in CopyFiles */,
			);
			runOnlyForDeploymentPostprocessing = 0;
		};
/* End PBXCopyFilesBuildPhase section */

/* Begin PBXFileReference section */
		4044D19F165AAC18002CAA75 /* CoreData.framework */ = {isa = PBXFileReference; lastKnownFileType = wrapper.framework; name = CoreData.framework; path = System/Library/Frameworks/CoreData.framework; sourceTree = SDKROOT; };
		4044D1A0165AAC18002CAA75 /* Foundation.framework */ = {isa = PBXFileReference; lastKnownFileType = wrapper.framework; name = Foundation.framework; path = System/Library/Frameworks/Foundation.framework; sourceTree = SDKROOT; };
		4044D1A3165AAC18002CAA75 /* FactoryBase-Info.plist */ = {isa = PBXFileReference; lastKnownFileType = text.plist.xml; path = "FactoryBase-Info.plist"; sourceTree = "<group>"; };
		4044D1A5165AAC18002CAA75 /* en */ = {isa = PBXFileReference; lastKnownFileType = text.plist.strings; name = en; path = en.lproj/InfoPlist.strings; sourceTree = "<group>"; };
		4044D1A7165AAC18002CAA75 /* FactoryBase-Prefix.pch */ = {isa = PBXFileReference; lastKnownFileType = sourcecode.c.h; path = "FactoryBase-Prefix.pch"; sourceTree = "<group>"; };
		4044D1A8165AAC18002CAA75 /* FactoryBase.h */ = {isa = PBXFileReference; lastKnownFileType = sourcecode.c.h; path = FactoryBase.h; sourceTree = "<group>"; };
		4044D1A9165AAC18002CAA75 /* FactoryBase.m */ = {isa = PBXFileReference; lastKnownFileType = sourcecode.c.objc; path = FactoryBase.m; sourceTree = "<group>"; };
		4044D1B1165AAC18002CAA75 /* SenTestingKit.framework */ = {isa = PBXFileReference; lastKnownFileType = wrapper.framework; name = SenTestingKit.framework; path = Library/Frameworks/SenTestingKit.framework; sourceTree = DEVELOPER_DIR; };
		4044D1B9165AAC18002CAA75 /* FactoryBaseTests-Info.plist */ = {isa = PBXFileReference; lastKnownFileType = text.plist.xml; path = "FactoryBaseTests-Info.plist"; sourceTree = "<group>"; };
		4044D1BB165AAC18002CAA75 /* en */ = {isa = PBXFileReference; lastKnownFileType = text.plist.strings; name = en; path = en.lproj/InfoPlist.strings; sourceTree = "<group>"; };
		4044D1BD165AAC18002CAA75 /* FactoryBaseTests.h */ = {isa = PBXFileReference; lastKnownFileType = sourcecode.c.h; path = FactoryBaseTests.h; sourceTree = "<group>"; };
		4044D1BE165AAC18002CAA75 /* FactoryBaseTests.m */ = {isa = PBXFileReference; lastKnownFileType = sourcecode.c.objc; path = FactoryBaseTests.m; sourceTree = "<group>"; };
		4044D1C9165AAC73002CAA75 /* NSDictionary+Merge.h */ = {isa = PBXFileReference; fileEncoding = 4; lastKnownFileType = sourcecode.c.h; path = "NSDictionary+Merge.h"; sourceTree = "<group>"; };
		4044D1CA165AAC73002CAA75 /* NSDictionary+Merge.m */ = {isa = PBXFileReference; fileEncoding = 4; lastKnownFileType = sourcecode.c.objc; path = "NSDictionary+Merge.m"; sourceTree = "<group>"; };
		4044D1E9165AB71E002CAA75 /* Foundation.framework */ = {isa = PBXFileReference; lastKnownFileType = wrapper.framework; name = Foundation.framework; path = System/Library/Frameworks/Foundation.framework; sourceTree = SDKROOT; };
		4044D22E165AD010002CAA75 /* libFactoryBase.a */ = {isa = PBXFileReference; explicitFileType = archive.ar; includeInIndex = 0; path = libFactoryBase.a; sourceTree = BUILT_PRODUCTS_DIR; };
		4044D23C165AD010002CAA75 /* FactoryBaseTests.octest */ = {isa = PBXFileReference; explicitFileType = wrapper.cfbundle; includeInIndex = 0; path = FactoryBaseTests.octest; sourceTree = BUILT_PRODUCTS_DIR; };
		40BE2DB8165ADD4B00F3BAC2 /* UIKit.framework */ = {isa = PBXFileReference; lastKnownFileType = wrapper.framework; name = UIKit.framework; path = System/Library/Frameworks/UIKit.framework; sourceTree = SDKROOT; };
/* End PBXFileReference section */

/* Begin PBXFrameworksBuildPhase section */
		4044D22B165AD010002CAA75 /* Frameworks */ = {
			isa = PBXFrameworksBuildPhase;
			buildActionMask = 2147483647;
			files = (
				40BE2DB9165ADD4B00F3BAC2 /* UIKit.framework in Frameworks */,
				40BE2DB7165ADD0500F3BAC2 /* CoreData.framework in Frameworks */,
				40BE2DB6165ADCEC00F3BAC2 /* Foundation.framework in Frameworks */,
			);
			runOnlyForDeploymentPostprocessing = 0;
		};
		4044D238165AD010002CAA75 /* Frameworks */ = {
			isa = PBXFrameworksBuildPhase;
			buildActionMask = 2147483647;
			files = (
				4044D23D165AD010002CAA75 /* SenTestingKit.framework in Frameworks */,
				4044D23F165AD010002CAA75 /* Foundation.framework in Frameworks */,
				40BE2DB2165ADADA00F3BAC2 /* libFactoryBase.a in Frameworks */,
			);
			runOnlyForDeploymentPostprocessing = 0;
		};
/* End PBXFrameworksBuildPhase section */

/* Begin PBXGroup section */
		4044D18C165AAC18002CAA75 = {
			isa = PBXGroup;
			children = (
				4044D1A1165AAC18002CAA75 /* FactoryBase */,
				4044D1B7165AAC18002CAA75 /* FactoryBaseTests */,
				4044D19A165AAC18002CAA75 /* Frameworks */,
				4044D199165AAC18002CAA75 /* Products */,
			);
			sourceTree = "<group>";
		};
		4044D199165AAC18002CAA75 /* Products */ = {
			isa = PBXGroup;
			children = (
				4044D22E165AD010002CAA75 /* libFactoryBase.a */,
				4044D23C165AD010002CAA75 /* FactoryBaseTests.octest */,
			);
			name = Products;
			sourceTree = "<group>";
		};
		4044D19A165AAC18002CAA75 /* Frameworks */ = {
			isa = PBXGroup;
			children = (
				40BE2DB8165ADD4B00F3BAC2 /* UIKit.framework */,
				4044D1B1165AAC18002CAA75 /* SenTestingKit.framework */,
				4044D1E9165AB71E002CAA75 /* Foundation.framework */,
				4044D19D165AAC18002CAA75 /* Other Frameworks */,
			);
			name = Frameworks;
			sourceTree = "<group>";
		};
		4044D19D165AAC18002CAA75 /* Other Frameworks */ = {
			isa = PBXGroup;
			children = (
				4044D19F165AAC18002CAA75 /* CoreData.framework */,
				4044D1A0165AAC18002CAA75 /* Foundation.framework */,
			);
			name = "Other Frameworks";
			sourceTree = "<group>";
		};
		4044D1A1165AAC18002CAA75 /* FactoryBase */ = {
			isa = PBXGroup;
			children = (
				4044D1C8165AAC5C002CAA75 /* Categories */,
				4044D1A8165AAC18002CAA75 /* FactoryBase.h */,
				4044D1A9165AAC18002CAA75 /* FactoryBase.m */,
				4044D1A2165AAC18002CAA75 /* Supporting Files */,
			);
			path = FactoryBase;
			sourceTree = "<group>";
		};
		4044D1A2165AAC18002CAA75 /* Supporting Files */ = {
			isa = PBXGroup;
			children = (
				4044D1A3165AAC18002CAA75 /* FactoryBase-Info.plist */,
				4044D1A4165AAC18002CAA75 /* InfoPlist.strings */,
				4044D1A7165AAC18002CAA75 /* FactoryBase-Prefix.pch */,
			);
			name = "Supporting Files";
			sourceTree = "<group>";
		};
		4044D1B7165AAC18002CAA75 /* FactoryBaseTests */ = {
			isa = PBXGroup;
			children = (
				4044D1BD165AAC18002CAA75 /* FactoryBaseTests.h */,
				4044D1BE165AAC18002CAA75 /* FactoryBaseTests.m */,
				4044D1B8165AAC18002CAA75 /* Supporting Files */,
			);
			path = FactoryBaseTests;
			sourceTree = "<group>";
		};
		4044D1B8165AAC18002CAA75 /* Supporting Files */ = {
			isa = PBXGroup;
			children = (
				4044D1B9165AAC18002CAA75 /* FactoryBaseTests-Info.plist */,
				4044D1BA165AAC18002CAA75 /* InfoPlist.strings */,
			);
			name = "Supporting Files";
			sourceTree = "<group>";
		};
		4044D1C8165AAC5C002CAA75 /* Categories */ = {
			isa = PBXGroup;
			children = (
				4044D1C9165AAC73002CAA75 /* NSDictionary+Merge.h */,
				4044D1CA165AAC73002CAA75 /* NSDictionary+Merge.m */,
			);
			name = Categories;
			sourceTree = "<group>";
		};
/* End PBXGroup section */

/* Begin PBXNativeTarget section */
		4044D22D165AD010002CAA75 /* FactoryBase */ = {
			isa = PBXNativeTarget;
			buildConfigurationList = 4044D24C165AD010002CAA75 /* Build configuration list for PBXNativeTarget "FactoryBase" */;
			buildPhases = (
				4044D22A165AD010002CAA75 /* Sources */,
				4044D22B165AD010002CAA75 /* Frameworks */,
			);
			buildRules = (
			);
			dependencies = (
			);
			name = FactoryBase;
			productName = FactoryBase;
			productReference = 4044D22E165AD010002CAA75 /* libFactoryBase.a */;
			productType = "com.apple.product-type.library.static";
		};
		4044D23B165AD010002CAA75 /* FactoryBaseTests */ = {
			isa = PBXNativeTarget;
			buildConfigurationList = 4044D24F165AD010002CAA75 /* Build configuration list for PBXNativeTarget "FactoryBaseTests" */;
			buildPhases = (
				4044D237165AD010002CAA75 /* Sources */,
				4044D238165AD010002CAA75 /* Frameworks */,
				4044D239165AD010002CAA75 /* Resources */,
				4044D23A165AD010002CAA75 /* ShellScript */,
			);
			buildRules = (
			);
			dependencies = (
				4044D241165AD010002CAA75 /* PBXTargetDependency */,
			);
			name = FactoryBaseTests;
			productName = FactoryBaseTests;
			productReference = 4044D23C165AD010002CAA75 /* FactoryBaseTests.octest */;
			productType = "com.apple.product-type.bundle";
		};
/* End PBXNativeTarget section */

/* Begin PBXProject section */
		4044D18E165AAC18002CAA75 /* Project object */ = {
			isa = PBXProject;
			attributes = {
				LastUpgradeCheck = 0450;
				ORGANIZATIONNAME = "Heisenberg Industries";
			};
			buildConfigurationList = 4044D191165AAC18002CAA75 /* Build configuration list for PBXProject "FactoryBase" */;
			compatibilityVersion = "Xcode 3.2";
			developmentRegion = English;
			hasScannedForEncodings = 0;
			knownRegions = (
				en,
			);
			mainGroup = 4044D18C165AAC18002CAA75;
			productRefGroup = 4044D199165AAC18002CAA75 /* Products */;
			projectDirPath = "";
			projectRoot = "";
			targets = (
				4044D22D165AD010002CAA75 /* FactoryBase */,
				4044D23B165AD010002CAA75 /* FactoryBaseTests */,
				4044D25D165AD23C002CAA75 /* FactoryBase-iOS */,
			);
		};
/* End PBXProject section */

/* Begin PBXResourcesBuildPhase section */
		4044D239165AD010002CAA75 /* Resources */ = {
			isa = PBXResourcesBuildPhase;
			buildActionMask = 2147483647;
			files = (
			);
			runOnlyForDeploymentPostprocessing = 0;
		};
/* End PBXResourcesBuildPhase section */

/* Begin PBXShellScriptBuildPhase section */
		4044D23A165AD010002CAA75 /* ShellScript */ = {
			isa = PBXShellScriptBuildPhase;
			buildActionMask = 2147483647;
			files = (
			);
			inputPaths = (
			);
			outputPaths = (
			);
			runOnlyForDeploymentPostprocessing = 0;
			shellPath = /bin/sh;
			shellScript = "# Run the unit tests in this test bundle.\n\"${SYSTEM_DEVELOPER_DIR}/Tools/RunUnitTests\"\n";
		};
		4044D261165AD25B002CAA75 /* Build Library */ = {
			isa = PBXShellScriptBuildPhase;
			buildActionMask = 2147483647;
			files = (
			);
			inputPaths = (
			);
			name = "Build Library";
			outputPaths = (
			);
			runOnlyForDeploymentPostprocessing = 0;
			shellPath = /bin/sh;
			shellScript = "xcodebuild -project ${PROJECT_NAME}.xcodeproj -sdk iphonesimulator -target ${PROJECT_NAME} -configuration ${CONFIGURATION} clean build\nxcodebuild -project ${PROJECT_NAME}.xcodeproj -sdk iphoneos -target ${PROJECT_NAME} -configuration ${CONFIGURATION} clean build";
		};
		40BE2DAD165AD6DA00F3BAC2 /* Assemble Framework */ = {
			isa = PBXShellScriptBuildPhase;
			buildActionMask = 2147483647;
			files = (
			);
			inputPaths = (
			);
			name = "Assemble Framework";
			outputPaths = (
			);
			runOnlyForDeploymentPostprocessing = 0;
			shellPath = /bin/sh;
			shellScript = "SIMULATOR_LIBRARY_PATH=\"${BUILD_DIR}/${CONFIGURATION}-iphonesimulator/lib${PROJECT_NAME}.a\" &&\nDEVICE_LIBRARY_PATH=\"${BUILD_DIR}/${CONFIGURATION}-iphoneos/lib${PROJECT_NAME}.a\" &&\nUNIVERSAL_LIBRARY_DIR=\"${BUILD_DIR}/${CONFIGURATION}-iphoneuniversal\" &&\nUNIVERSAL_LIBRARY_PATH=\"${UNIVERSAL_LIBRARY_DIR}/${PRODUCT_NAME}\" &&\nFRAMEWORK=\"${UNIVERSAL_LIBRARY_DIR}/${PRODUCT_NAME}.framework\" &&\n\n# Create framework directory structure.\nrm -rf \"${FRAMEWORK}\" &&\nmkdir -p \"${UNIVERSAL_LIBRARY_DIR}\" &&\nmkdir -p \"${FRAMEWORK}/Versions/A/Headers\" &&\nmkdir -p \"${FRAMEWORK}/Versions/A/Resources\" &&\n\n# Generate universal binary from desktop, device, and simulator builds.\nlipo \"${SIMULATOR_LIBRARY_PATH}\" \"${DEVICE_LIBRARY_PATH}\" -create -output \"${UNIVERSAL_LIBRARY_PATH}\" &&\n\n# Move files to appropriate locations in framework paths.\ncp \"${UNIVERSAL_LIBRARY_PATH}\" \"${FRAMEWORK}/Versions/A\" &&\nln -s \"A\" \"${FRAMEWORK}/Versions/Current\" &&\nln -s \"Versions/Current/Headers\" \"${FRAMEWORK}/Headers\" &&\nln -s \"Versions/Current/Resources\" \"${FRAMEWORK}/Resources\" &&\nln -s \"Versions/Current/${PRODUCT_NAME}\" \"${FRAMEWORK}/${PRODUCT_NAME}\" &&\ncp \"${SRCROOT}/FactoryBase/FactoryBase-Info.plist\" \"${FRAMEWORK}/Resources/Info.plist\"";
		};
/* End PBXShellScriptBuildPhase section */

/* Begin PBXSourcesBuildPhase section */
		4044D22A165AD010002CAA75 /* Sources */ = {
			isa = PBXSourcesBuildPhase;
			buildActionMask = 2147483647;
			files = (
				40BE2DAC165AD3A300F3BAC2 /* NSDictionary+Merge.m in Sources */,
			);
			runOnlyForDeploymentPostprocessing = 0;
		};
		4044D237165AD010002CAA75 /* Sources */ = {
			isa = PBXSourcesBuildPhase;
			buildActionMask = 2147483647;
			files = (
			);
			runOnlyForDeploymentPostprocessing = 0;
		};
/* End PBXSourcesBuildPhase section */

/* Begin PBXTargetDependency section */
		4044D241165AD010002CAA75 /* PBXTargetDependency */ = {
			isa = PBXTargetDependency;
			target = 4044D22D165AD010002CAA75 /* FactoryBase */;
			targetProxy = 4044D240165AD010002CAA75 /* PBXContainerItemProxy */;
		};
/* End PBXTargetDependency section */

/* Begin PBXVariantGroup section */
		4044D1A4165AAC18002CAA75 /* InfoPlist.strings */ = {
			isa = PBXVariantGroup;
			children = (
				4044D1A5165AAC18002CAA75 /* en */,
			);
			name = InfoPlist.strings;
			sourceTree = "<group>";
		};
		4044D1BA165AAC18002CAA75 /* InfoPlist.strings */ = {
			isa = PBXVariantGroup;
			children = (
				4044D1BB165AAC18002CAA75 /* en */,
			);
			name = InfoPlist.strings;
			sourceTree = "<group>";
		};
/* End PBXVariantGroup section */

/* Begin XCBuildConfiguration section */
		4044D1C0165AAC18002CAA75 /* Debug */ = {
			isa = XCBuildConfiguration;
			buildSettings = {
				ALWAYS_SEARCH_USER_PATHS = NO;
				CLANG_CXX_LANGUAGE_STANDARD = "gnu++0x";
				CLANG_CXX_LIBRARY = "libc++";
				CLANG_ENABLE_OBJC_ARC = YES;
				CLANG_WARN_EMPTY_BODY = YES;
				CLANG_WARN__DUPLICATE_METHOD_MATCH = YES;
				COPY_PHASE_STRIP = NO;
				GCC_C_LANGUAGE_STANDARD = gnu99;
				GCC_DYNAMIC_NO_PIC = NO;
				GCC_ENABLE_OBJC_EXCEPTIONS = YES;
				GCC_OPTIMIZATION_LEVEL = 0;
				GCC_PREPROCESSOR_DEFINITIONS = (
					"DEBUG=1",
					"$(inherited)",
				);
				GCC_SYMBOLS_PRIVATE_EXTERN = NO;
				GCC_WARN_64_TO_32_BIT_CONVERSION = YES;
				GCC_WARN_ABOUT_RETURN_TYPE = YES;
				GCC_WARN_UNINITIALIZED_AUTOS = YES;
				GCC_WARN_UNUSED_VARIABLE = YES;
				MACOSX_DEPLOYMENT_TARGET = 10.8;
				ONLY_ACTIVE_ARCH = YES;
				SDKROOT = iphoneos;
			};
			name = Debug;
		};
		4044D1C1165AAC18002CAA75 /* Release */ = {
			isa = XCBuildConfiguration;
			buildSettings = {
				ALWAYS_SEARCH_USER_PATHS = NO;
				CLANG_CXX_LANGUAGE_STANDARD = "gnu++0x";
				CLANG_CXX_LIBRARY = "libc++";
				CLANG_ENABLE_OBJC_ARC = YES;
				CLANG_WARN_EMPTY_BODY = YES;
				CLANG_WARN__DUPLICATE_METHOD_MATCH = YES;
				COPY_PHASE_STRIP = YES;
				DEBUG_INFORMATION_FORMAT = "dwarf-with-dsym";
				GCC_C_LANGUAGE_STANDARD = gnu99;
				GCC_ENABLE_OBJC_EXCEPTIONS = YES;
				GCC_WARN_64_TO_32_BIT_CONVERSION = YES;
				GCC_WARN_ABOUT_RETURN_TYPE = YES;
				GCC_WARN_UNINITIALIZED_AUTOS = YES;
				GCC_WARN_UNUSED_VARIABLE = YES;
				MACOSX_DEPLOYMENT_TARGET = 10.8;
				SDKROOT = iphoneos;
			};
			name = Release;
		};
		4044D24D165AD010002CAA75 /* Debug */ = {
			isa = XCBuildConfiguration;
			buildSettings = {
				DSTROOT = /tmp/FactoryBase.dst;
				GCC_PRECOMPILE_PREFIX_HEADER = YES;
				GCC_PREFIX_HEADER = "FactoryBase/FactoryBase-Prefix.pch";
				IPHONEOS_DEPLOYMENT_TARGET = 6.0;
				MACOSX_DEPLOYMENT_TARGET = "";
				ONLY_ACTIVE_ARCH = YES;
				OTHER_LDFLAGS = "-ObjC";
				PRODUCT_NAME = "$(TARGET_NAME)";
				SDKROOT = iphoneos;
				TARGETED_DEVICE_FAMILY = "1,2";
			};
			name = Debug;
		};
		4044D24E165AD010002CAA75 /* Release */ = {
			isa = XCBuildConfiguration;
			buildSettings = {
				DSTROOT = /tmp/FactoryBase.dst;
				GCC_PRECOMPILE_PREFIX_HEADER = YES;
				GCC_PREFIX_HEADER = "FactoryBase/FactoryBase-Prefix.pch";
				IPHONEOS_DEPLOYMENT_TARGET = 6.0;
				MACOSX_DEPLOYMENT_TARGET = "";
				ONLY_ACTIVE_ARCH = YES;
				OTHER_LDFLAGS = "-ObjC";
				PRODUCT_NAME = "$(TARGET_NAME)";
				SDKROOT = iphoneos;
				TARGETED_DEVICE_FAMILY = "1,2";
			};
			name = Release;
		};
		4044D250165AD010002CAA75 /* Debug */ = {
			isa = XCBuildConfiguration;
			buildSettings = {
				FRAMEWORK_SEARCH_PATHS = (
					"\"$(SDKROOT)/Developer/Library/Frameworks\"",
					"\"$(DEVELOPER_LIBRARY_DIR)/Frameworks\"",
				);
				GCC_PRECOMPILE_PREFIX_HEADER = YES;
				GCC_PREFIX_HEADER = "FactoryBase/FactoryBase-Prefix.pch";
				INFOPLIST_FILE = "FactoryBaseTests/FactoryBaseTests-Info.plist";
				IPHONEOS_DEPLOYMENT_TARGET = 6.0;
				PRODUCT_NAME = "$(TARGET_NAME)";
				WRAPPER_EXTENSION = octest;
			};
			name = Debug;
		};
		4044D251165AD010002CAA75 /* Release */ = {
			isa = XCBuildConfiguration;
			buildSettings = {
				FRAMEWORK_SEARCH_PATHS = (
					"\"$(SDKROOT)/Developer/Library/Frameworks\"",
					"\"$(DEVELOPER_LIBRARY_DIR)/Frameworks\"",
				);
				GCC_PRECOMPILE_PREFIX_HEADER = YES;
				GCC_PREFIX_HEADER = "FactoryBase/FactoryBase-Prefix.pch";
				INFOPLIST_FILE = "FactoryBaseTests/FactoryBaseTests-Info.plist";
				IPHONEOS_DEPLOYMENT_TARGET = 6.0;
				PRODUCT_NAME = "$(TARGET_NAME)";
				VALIDATE_PRODUCT = YES;
				WRAPPER_EXTENSION = octest;
			};
			name = Release;
		};
		4044D25F165AD23C002CAA75 /* Debug */ = {
			isa = XCBuildConfiguration;
			buildSettings = {
				ARCHS = "$(ARCHS_STANDARD_32_BIT)";
				MACOSX_DEPLOYMENT_TARGET = "";
				ONLY_ACTIVE_ARCH = YES;
				PRODUCT_NAME = "$(TARGET_NAME)";
			};
			name = Debug;
		};
		4044D260165AD23C002CAA75 /* Release */ = {
			isa = XCBuildConfiguration;
			buildSettings = {
				ARCHS = "$(ARCHS_STANDARD_32_BIT)";
				MACOSX_DEPLOYMENT_TARGET = "";
				ONLY_ACTIVE_ARCH = YES;
				PRODUCT_NAME = "$(TARGET_NAME)";
			};
			name = Release;
		};
/* End XCBuildConfiguration section */

/* Begin XCConfigurationList section */
		4044D191165AAC18002CAA75 /* Build configuration list for PBXProject "FactoryBase" */ = {
			isa = XCConfigurationList;
			buildConfigurations = (
				4044D1C0165AAC18002CAA75 /* Debug */,
				4044D1C1165AAC18002CAA75 /* Release */,
			);
			defaultConfigurationIsVisible = 0;
			defaultConfigurationName = Release;
		};
		4044D24C165AD010002CAA75 /* Build configuration list for PBXNativeTarget "FactoryBase" */ = {
			isa = XCConfigurationList;
			buildConfigurations = (
				4044D24D165AD010002CAA75 /* Debug */,
				4044D24E165AD010002CAA75 /* Release */,
			);
			defaultConfigurationIsVisible = 0;
			defaultConfigurationName = Release;
		};
		4044D24F165AD010002CAA75 /* Build configuration list for PBXNativeTarget "FactoryBaseTests" */ = {
			isa = XCConfigurationList;
			buildConfigurations = (
				4044D250165AD010002CAA75 /* Debug */,
				4044D251165AD010002CAA75 /* Release */,
			);
			defaultConfigurationIsVisible = 0;
			defaultConfigurationName = Release;
		};
		4044D25E165AD23C002CAA75 /* Build configuration list for PBXAggregateTarget "FactoryBase-iOS" */ = {
			isa = XCConfigurationList;
			buildConfigurations = (
				4044D25F165AD23C002CAA75 /* Debug */,
				4044D260165AD23C002CAA75 /* Release */,
			);
			defaultConfigurationIsVisible = 0;
			defaultConfigurationName = Release;
		};
/* End XCConfigurationList section */
	};
	rootObject = 4044D18E165AAC18002CAA75 /* Project object */;
}
